
Microsoft Visual Studio Solution File, Format Version 12.00
# Visual Studio 15
VisualStudioVersion = 15.0.28307.757
MinimumVisualStudioVersion = 10.0.40219.1
Project("{FAE04EC0-301F-11D3-BF4B-00C04F79EFBC}") = "Neo.Amazon.Lambda.CustomRuntime", "Neo.Amazon.Lambda.CustomRuntime\Neo.Amazon.Lambda.CustomRuntime.csproj", "{4A9E78CC-7CB7-4C82-884F-3927559BEAE9}"
EndProject
Global
	GlobalSection(SolutionConfigurationPlatforms) = preSolution
		Debug|Any CPU = Debug|Any CPU
		Release|Any CPU = Release|Any CPU
	EndGlobalSection
	GlobalSection(ProjectConfigurationPlatforms) = postSolution
		{4A9E78CC-7CB7-4C82-884F-3927559BEAE9}.Debug|Any CPU.ActiveCfg = Debug|Any CPU
		{4A9E78CC-7CB7-4C82-884F-3927559BEAE9}.Debug|Any CPU.Build.0 = Debug|Any CPU
		{4A9E78CC-7CB7-4C82-884F-3927559BEAE9}.Release|Any CPU.ActiveCfg = Release|Any CPU
		{4A9E78CC-7CB7-4C82-884F-3927559BEAE9}.Release|Any CPU.Build.0 = Release|Any CPU
	EndGlobalSection
	GlobalSection(SolutionProperties) = preSolution
		HideSolutionNode = FALSE
	EndGlobalSection
	GlobalSection(ExtensibilityGlobals) = postSolution
		SolutionGuid = {661DB120-5508-4609-88DE-31C76D7A4853}
	EndGlobalSection
EndGlobal
